// !$*UTF8*$!
{
	archiveVersion = 1;
	classes = {
	};
	objectVersion = 54;
	objects = {

/* Begin PBXBuildFile section */
		4FD5488D261B1334001A83E2 /* Profile.swift in Sources */ = {isa = PBXBuildFile; fileRef = 4FD5488C261B1334001A83E2 /* Profile.swift */; };
		4FD54892261B133D001A83E2 /* User.swift in Sources */ = {isa = PBXBuildFile; fileRef = 4FD54891261B133D001A83E2 /* User.swift */; };
		4FD548A0261B15F8001A83E2 /* Router.swift in Sources */ = {isa = PBXBuildFile; fileRef = 4FD5489F261B15F8001A83E2 /* Router.swift */; };
		4FD548A8261B160E001A83E2 /* DBManager.swift in Sources */ = {isa = PBXBuildFile; fileRef = 4FD548A7261B160E001A83E2 /* DBManager.swift */; };
		4FD548B4261B1666001A83E2 /* UIResponderExtesnion.swift in Sources */ = {isa = PBXBuildFile; fileRef = 4FD548B3261B1666001A83E2 /* UIResponderExtesnion.swift */; };
		4FD548B9261B1F0E001A83E2 /* SignUpViewModel.swift in Sources */ = {isa = PBXBuildFile; fileRef = 4FD548B8261B1F0E001A83E2 /* SignUpViewModel.swift */; };
		4FD548C5261B283C001A83E2 /* AccountViewModel.swift in Sources */ = {isa = PBXBuildFile; fileRef = 4FD548C4261B283C001A83E2 /* AccountViewModel.swift */; };
		4FD548D1261B2E79001A83E2 /* UIImageViewExtension.swift in Sources */ = {isa = PBXBuildFile; fileRef = 4FD548D0261B2E79001A83E2 /* UIImageViewExtension.swift */; };
		4FD548DF261B32EB001A83E2 /* ListTableViewCell.swift in Sources */ = {isa = PBXBuildFile; fileRef = 4FD548DD261B32EB001A83E2 /* ListTableViewCell.swift */; };
		4FD548E0261B32EB001A83E2 /* ListTableViewCell.xib in Resources */ = {isa = PBXBuildFile; fileRef = 4FD548DE261B32EB001A83E2 /* ListTableViewCell.xib */; };
		4FD548E5261B3CBD001A83E2 /* HomeViewController.swift in Sources */ = {isa = PBXBuildFile; fileRef = 4FD548E4261B3CBD001A83E2 /* HomeViewController.swift */; };
		4FE9A9AA26199B3500F97DF1 /* AppDelegate.swift in Sources */ = {isa = PBXBuildFile; fileRef = 4FE9A9A926199B3500F97DF1 /* AppDelegate.swift */; };
		4FE9A9AE26199B3500F97DF1 /* ListViewController.swift in Sources */ = {isa = PBXBuildFile; fileRef = 4FE9A9AD26199B3500F97DF1 /* ListViewController.swift */; };
		4FE9A9B326199B3600F97DF1 /* Assets.xcassets in Resources */ = {isa = PBXBuildFile; fileRef = 4FE9A9B226199B3600F97DF1 /* Assets.xcassets */; };
		4FE9A9B626199B3600F97DF1 /* LaunchScreen.storyboard in Resources */ = {isa = PBXBuildFile; fileRef = 4FE9A9B426199B3600F97DF1 /* LaunchScreen.storyboard */; };
		4FE9A9C126199B3600F97DF1 /* ProfileTests.swift in Sources */ = {isa = PBXBuildFile; fileRef = 4FE9A9C026199B3600F97DF1 /* ProfileTests.swift */; };
		4FE9A9CC26199B3600F97DF1 /* ProfileUITests.swift in Sources */ = {isa = PBXBuildFile; fileRef = 4FE9A9CB26199B3600F97DF1 /* ProfileUITests.swift */; };
		4FE9A9E026199B5400F97DF1 /* APIRequestProtocol.swift in Sources */ = {isa = PBXBuildFile; fileRef = 4FE9A9DD26199B5400F97DF1 /* APIRequestProtocol.swift */; };
		4FE9A9E126199B5400F97DF1 /* APIService.swift in Sources */ = {isa = PBXBuildFile; fileRef = 4FE9A9DE26199B5400F97DF1 /* APIService.swift */; };
		4FE9A9E226199B5400F97DF1 /* APIRequest.swift in Sources */ = {isa = PBXBuildFile; fileRef = 4FE9A9DF26199B5400F97DF1 /* APIRequest.swift */; };
		4FE9A9E826199B9600F97DF1 /* Alamofire in Frameworks */ = {isa = PBXBuildFile; productRef = 4FE9A9E726199B9600F97DF1 /* Alamofire */; };
		4FE9A9EE26199BB400F97DF1 /* AlamofireNetworkActivityIndicator in Frameworks */ = {isa = PBXBuildFile; productRef = 4FE9A9ED26199BB400F97DF1 /* AlamofireNetworkActivityIndicator */; };
		4FE9A9FC26199C8100F97DF1 /* OHHTTPStubsSwift in Frameworks */ = {isa = PBXBuildFile; productRef = 4FE9A9FB26199C8100F97DF1 /* OHHTTPStubsSwift */; };
		4FE9AA0226199D3800F97DF1 /* Kingfisher in Frameworks */ = {isa = PBXBuildFile; productRef = 4FE9AA0126199D3800F97DF1 /* Kingfisher */; };
		4FE9AA1126199E5F00F97DF1 /* RealmSwift in Frameworks */ = {isa = PBXBuildFile; productRef = 4FE9AA1026199E5F00F97DF1 /* RealmSwift */; };
		4FE9AA252619FE6900F97DF1 /* SignUpViewController.swift in Sources */ = {isa = PBXBuildFile; fileRef = 4FE9AA242619FE6900F97DF1 /* SignUpViewController.swift */; };
		4FE9AA2B261A119F00F97DF1 /* UIViewExtension.swift in Sources */ = {isa = PBXBuildFile; fileRef = 4FE9AA2A261A119F00F97DF1 /* UIViewExtension.swift */; };
		4FE9AA37261A137200F97DF1 /* SkyFloatingLabelTextField in Frameworks */ = {isa = PBXBuildFile; productRef = 4FE9AA36261A137200F97DF1 /* SkyFloatingLabelTextField */; };
		4FE9AA3C261A1A5200F97DF1 /* Constants.swift in Sources */ = {isa = PBXBuildFile; fileRef = 4FE9AA3B261A1A5200F97DF1 /* Constants.swift */; };
		4FE9AA41261A3A8800F97DF1 /* AccountViewController.swift in Sources */ = {isa = PBXBuildFile; fileRef = 4FE9AA40261A3A8800F97DF1 /* AccountViewController.swift */; };
		4FE9AA46261A3AA100F97DF1 /* BaseViewController.swift in Sources */ = {isa = PBXBuildFile; fileRef = 4FE9AA45261A3AA100F97DF1 /* BaseViewController.swift */; };
		4FE9AA4B261AD3B500F97DF1 /* DateExtension.swift in Sources */ = {isa = PBXBuildFile; fileRef = 4FE9AA4A261AD3B500F97DF1 /* DateExtension.swift */; };
		4FE9AA50261ADB4200F97DF1 /* UIDeviceExtension.swift in Sources */ = {isa = PBXBuildFile; fileRef = 4FE9AA4F261ADB4200F97DF1 /* UIDeviceExtension.swift */; };
		4FE9AA56261ADC0800F97DF1 /* ToastView.swift in Sources */ = {isa = PBXBuildFile; fileRef = 4FE9AA54261ADC0800F97DF1 /* ToastView.swift */; };
		4FE9AA57261ADC0800F97DF1 /* ToastView.xib in Resources */ = {isa = PBXBuildFile; fileRef = 4FE9AA55261ADC0800F97DF1 /* ToastView.xib */; };
		4FE9AA5F261ADC9A00F97DF1 /* NSObjectExtension.swift in Sources */ = {isa = PBXBuildFile; fileRef = 4FE9AA5E261ADC9A00F97DF1 /* NSObjectExtension.swift */; };
		4FE9AA6A261B029500F97DF1 /* UITableViewExtension.swift in Sources */ = {isa = PBXBuildFile; fileRef = 4FE9AA69261B029500F97DF1 /* UITableViewExtension.swift */; };
		4FE9AA6F261B02B200F97DF1 /* StringExtension.swift in Sources */ = {isa = PBXBuildFile; fileRef = 4FE9AA6E261B02B200F97DF1 /* StringExtension.swift */; };
		4FE9AA74261B091B00F97DF1 /* response.json in Resources */ = {isa = PBXBuildFile; fileRef = 4FE9AA73261B091B00F97DF1 /* response.json */; };
		4FE9AA90261B0FD100F97DF1 /* Main.storyboard in Resources */ = {isa = PBXBuildFile; fileRef = 4FE9AA8E261B0FD100F97DF1 /* Main.storyboard */; };
/* End PBXBuildFile section */

/* Begin PBXContainerItemProxy section */
		4FE9A9BD26199B3600F97DF1 /* PBXContainerItemProxy */ = {
			isa = PBXContainerItemProxy;
			containerPortal = 4FE9A99E26199B3500F97DF1 /* Project object */;
			proxyType = 1;
			remoteGlobalIDString = 4FE9A9A526199B3500F97DF1;
			remoteInfo = Profile;
		};
		4FE9A9C826199B3600F97DF1 /* PBXContainerItemProxy */ = {
			isa = PBXContainerItemProxy;
			containerPortal = 4FE9A99E26199B3500F97DF1 /* Project object */;
			proxyType = 1;
			remoteGlobalIDString = 4FE9A9A526199B3500F97DF1;
			remoteInfo = Profile;
		};
/* End PBXContainerItemProxy section */

/* Begin PBXFileReference section */
		4FD5488C261B1334001A83E2 /* Profile.swift */ = {isa = PBXFileReference; lastKnownFileType = sourcecode.swift; path = Profile.swift; sourceTree = "<group>"; };
		4FD54891261B133D001A83E2 /* User.swift */ = {isa = PBXFileReference; lastKnownFileType = sourcecode.swift; path = User.swift; sourceTree = "<group>"; };
		4FD5489F261B15F8001A83E2 /* Router.swift */ = {isa = PBXFileReference; lastKnownFileType = sourcecode.swift; path = Router.swift; sourceTree = "<group>"; };
		4FD548A7261B160E001A83E2 /* DBManager.swift */ = {isa = PBXFileReference; lastKnownFileType = sourcecode.swift; path = DBManager.swift; sourceTree = "<group>"; };
		4FD548B3261B1666001A83E2 /* UIResponderExtesnion.swift */ = {isa = PBXFileReference; lastKnownFileType = sourcecode.swift; path = UIResponderExtesnion.swift; sourceTree = "<group>"; };
		4FD548B8261B1F0E001A83E2 /* SignUpViewModel.swift */ = {isa = PBXFileReference; lastKnownFileType = sourcecode.swift; path = SignUpViewModel.swift; sourceTree = "<group>"; };
		4FD548C4261B283C001A83E2 /* AccountViewModel.swift */ = {isa = PBXFileReference; lastKnownFileType = sourcecode.swift; path = AccountViewModel.swift; sourceTree = "<group>"; };
		4FD548D0261B2E79001A83E2 /* UIImageViewExtension.swift */ = {isa = PBXFileReference; fileEncoding = 4; lastKnownFileType = sourcecode.swift; path = UIImageViewExtension.swift; sourceTree = "<group>"; };
		4FD548DD261B32EB001A83E2 /* ListTableViewCell.swift */ = {isa = PBXFileReference; lastKnownFileType = sourcecode.swift; path = ListTableViewCell.swift; sourceTree = "<group>"; };
		4FD548DE261B32EB001A83E2 /* ListTableViewCell.xib */ = {isa = PBXFileReference; lastKnownFileType = file.xib; path = ListTableViewCell.xib; sourceTree = "<group>"; };
		4FD548E4261B3CBD001A83E2 /* HomeViewController.swift */ = {isa = PBXFileReference; lastKnownFileType = sourcecode.swift; path = HomeViewController.swift; sourceTree = "<group>"; };
		4FE9A9A626199B3500F97DF1 /* Profile.app */ = {isa = PBXFileReference; explicitFileType = wrapper.application; includeInIndex = 0; path = Profile.app; sourceTree = BUILT_PRODUCTS_DIR; };
		4FE9A9A926199B3500F97DF1 /* AppDelegate.swift */ = {isa = PBXFileReference; lastKnownFileType = sourcecode.swift; path = AppDelegate.swift; sourceTree = "<group>"; };
		4FE9A9AD26199B3500F97DF1 /* ListViewController.swift */ = {isa = PBXFileReference; lastKnownFileType = sourcecode.swift; path = ListViewController.swift; sourceTree = "<group>"; };
		4FE9A9B226199B3600F97DF1 /* Assets.xcassets */ = {isa = PBXFileReference; lastKnownFileType = folder.assetcatalog; path = Assets.xcassets; sourceTree = "<group>"; };
		4FE9A9B526199B3600F97DF1 /* Base */ = {isa = PBXFileReference; lastKnownFileType = file.storyboard; name = Base; path = Base.lproj/LaunchScreen.storyboard; sourceTree = "<group>"; };
		4FE9A9B726199B3600F97DF1 /* Info.plist */ = {isa = PBXFileReference; lastKnownFileType = text.plist.xml; path = Info.plist; sourceTree = "<group>"; };
		4FE9A9BC26199B3600F97DF1 /* ProfileTests.xctest */ = {isa = PBXFileReference; explicitFileType = wrapper.cfbundle; includeInIndex = 0; path = ProfileTests.xctest; sourceTree = BUILT_PRODUCTS_DIR; };
		4FE9A9C026199B3600F97DF1 /* ProfileTests.swift */ = {isa = PBXFileReference; lastKnownFileType = sourcecode.swift; path = ProfileTests.swift; sourceTree = "<group>"; };
		4FE9A9C226199B3600F97DF1 /* Info.plist */ = {isa = PBXFileReference; lastKnownFileType = text.plist.xml; path = Info.plist; sourceTree = "<group>"; };
		4FE9A9C726199B3600F97DF1 /* ProfileUITests.xctest */ = {isa = PBXFileReference; explicitFileType = wrapper.cfbundle; includeInIndex = 0; path = ProfileUITests.xctest; sourceTree = BUILT_PRODUCTS_DIR; };
		4FE9A9CB26199B3600F97DF1 /* ProfileUITests.swift */ = {isa = PBXFileReference; lastKnownFileType = sourcecode.swift; path = ProfileUITests.swift; sourceTree = "<group>"; };
		4FE9A9CD26199B3600F97DF1 /* Info.plist */ = {isa = PBXFileReference; lastKnownFileType = text.plist.xml; path = Info.plist; sourceTree = "<group>"; };
		4FE9A9DD26199B5400F97DF1 /* APIRequestProtocol.swift */ = {isa = PBXFileReference; fileEncoding = 4; lastKnownFileType = sourcecode.swift; path = APIRequestProtocol.swift; sourceTree = "<group>"; };
		4FE9A9DE26199B5400F97DF1 /* APIService.swift */ = {isa = PBXFileReference; fileEncoding = 4; lastKnownFileType = sourcecode.swift; path = APIService.swift; sourceTree = "<group>"; };
		4FE9A9DF26199B5400F97DF1 /* APIRequest.swift */ = {isa = PBXFileReference; fileEncoding = 4; lastKnownFileType = sourcecode.swift; path = APIRequest.swift; sourceTree = "<group>"; };
		4FE9AA242619FE6900F97DF1 /* SignUpViewController.swift */ = {isa = PBXFileReference; lastKnownFileType = sourcecode.swift; path = SignUpViewController.swift; sourceTree = "<group>"; };
		4FE9AA2A261A119F00F97DF1 /* UIViewExtension.swift */ = {isa = PBXFileReference; fileEncoding = 4; lastKnownFileType = sourcecode.swift; path = UIViewExtension.swift; sourceTree = "<group>"; };
		4FE9AA3B261A1A5200F97DF1 /* Constants.swift */ = {isa = PBXFileReference; lastKnownFileType = sourcecode.swift; path = Constants.swift; sourceTree = "<group>"; };
		4FE9AA40261A3A8800F97DF1 /* AccountViewController.swift */ = {isa = PBXFileReference; lastKnownFileType = sourcecode.swift; path = AccountViewController.swift; sourceTree = "<group>"; };
		4FE9AA45261A3AA100F97DF1 /* BaseViewController.swift */ = {isa = PBXFileReference; lastKnownFileType = sourcecode.swift; path = BaseViewController.swift; sourceTree = "<group>"; };
		4FE9AA4A261AD3B500F97DF1 /* DateExtension.swift */ = {isa = PBXFileReference; fileEncoding = 4; lastKnownFileType = sourcecode.swift; path = DateExtension.swift; sourceTree = "<group>"; };
		4FE9AA4F261ADB4200F97DF1 /* UIDeviceExtension.swift */ = {isa = PBXFileReference; fileEncoding = 4; lastKnownFileType = sourcecode.swift; path = UIDeviceExtension.swift; sourceTree = "<group>"; };
		4FE9AA54261ADC0800F97DF1 /* ToastView.swift */ = {isa = PBXFileReference; fileEncoding = 4; lastKnownFileType = sourcecode.swift; path = ToastView.swift; sourceTree = "<group>"; };
		4FE9AA55261ADC0800F97DF1 /* ToastView.xib */ = {isa = PBXFileReference; fileEncoding = 4; lastKnownFileType = file.xib; path = ToastView.xib; sourceTree = "<group>"; };
		4FE9AA5E261ADC9A00F97DF1 /* NSObjectExtension.swift */ = {isa = PBXFileReference; fileEncoding = 4; lastKnownFileType = sourcecode.swift; path = NSObjectExtension.swift; sourceTree = "<group>"; };
		4FE9AA69261B029500F97DF1 /* UITableViewExtension.swift */ = {isa = PBXFileReference; fileEncoding = 4; lastKnownFileType = sourcecode.swift; path = UITableViewExtension.swift; sourceTree = "<group>"; };
		4FE9AA6E261B02B200F97DF1 /* StringExtension.swift */ = {isa = PBXFileReference; fileEncoding = 4; lastKnownFileType = sourcecode.swift; path = StringExtension.swift; sourceTree = "<group>"; };
		4FE9AA73261B091B00F97DF1 /* response.json */ = {isa = PBXFileReference; fileEncoding = 4; lastKnownFileType = text.json; path = response.json; sourceTree = "<group>"; };
		4FE9AA8F261B0FD100F97DF1 /* Base */ = {isa = PBXFileReference; lastKnownFileType = file.storyboard; name = Base; path = Base.lproj/Main.storyboard; sourceTree = "<group>"; };
/* End PBXFileReference section */

/* Begin PBXFrameworksBuildPhase section */
		4FE9A9A326199B3500F97DF1 /* Frameworks */ = {
			isa = PBXFrameworksBuildPhase;
			buildActionMask = 2147483647;
			files = (
				4FE9AA0226199D3800F97DF1 /* Kingfisher in Frameworks */,
				4FE9A9E826199B9600F97DF1 /* Alamofire in Frameworks */,
				4FE9AA1126199E5F00F97DF1 /* RealmSwift in Frameworks */,
				4FE9A9EE26199BB400F97DF1 /* AlamofireNetworkActivityIndicator in Frameworks */,
				4FE9AA37261A137200F97DF1 /* SkyFloatingLabelTextField in Frameworks */,
				4FE9A9FC26199C8100F97DF1 /* OHHTTPStubsSwift in Frameworks */,
			);
			runOnlyForDeploymentPostprocessing = 0;
		};
		4FE9A9B926199B3600F97DF1 /* Frameworks */ = {
			isa = PBXFrameworksBuildPhase;
			buildActionMask = 2147483647;
			files = (
			);
			runOnlyForDeploymentPostprocessing = 0;
		};
		4FE9A9C426199B3600F97DF1 /* Frameworks */ = {
			isa = PBXFrameworksBuildPhase;
			buildActionMask = 2147483647;
			files = (
			);
			runOnlyForDeploymentPostprocessing = 0;
		};
/* End PBXFrameworksBuildPhase section */

/* Begin PBXGroup section */
		4FD54896261B1347001A83E2 /* Model */ = {
			isa = PBXGroup;
			children = (
				4FD5488C261B1334001A83E2 /* Profile.swift */,
				4FD54891261B133D001A83E2 /* User.swift */,
			);
			path = Model;
			sourceTree = "<group>";
		};
		4FD5489A261B13B3001A83E2 /* View */ = {
			isa = PBXGroup;
			children = (
				4FE9AA54261ADC0800F97DF1 /* ToastView.swift */,
				4FD548DD261B32EB001A83E2 /* ListTableViewCell.swift */,
				4FD548DE261B32EB001A83E2 /* ListTableViewCell.xib */,
			);
			path = View;
			sourceTree = "<group>";
		};
		4FD5489B261B13BA001A83E2 /* Common */ = {
			isa = PBXGroup;
			children = (
				4FE9AA3B261A1A5200F97DF1 /* Constants.swift */,
				4FD5489F261B15F8001A83E2 /* Router.swift */,
				4FD548A7261B160E001A83E2 /* DBManager.swift */,
			);
			path = Common;
			sourceTree = "<group>";
		};
		4FD548BD261B23BB001A83E2 /* ViewModel */ = {
			isa = PBXGroup;
			children = (
				4FD548B8261B1F0E001A83E2 /* SignUpViewModel.swift */,
				4FD548C4261B283C001A83E2 /* AccountViewModel.swift */,
			);
			path = ViewModel;
			sourceTree = "<group>";
		};
		4FE9A99D26199B3500F97DF1 = {
			isa = PBXGroup;
			children = (
				4FE9A9A826199B3500F97DF1 /* Profile */,
				4FE9A9BF26199B3600F97DF1 /* ProfileTests */,
				4FE9A9CA26199B3600F97DF1 /* ProfileUITests */,
				4FE9A9A726199B3500F97DF1 /* Products */,
			);
			sourceTree = "<group>";
		};
		4FE9A9A726199B3500F97DF1 /* Products */ = {
			isa = PBXGroup;
			children = (
				4FE9A9A626199B3500F97DF1 /* Profile.app */,
				4FE9A9BC26199B3600F97DF1 /* ProfileTests.xctest */,
				4FE9A9C726199B3600F97DF1 /* ProfileUITests.xctest */,
			);
			name = Products;
			sourceTree = "<group>";
		};
		4FE9A9A826199B3500F97DF1 /* Profile */ = {
			isa = PBXGroup;
			children = (
				4FE9A9DC26199B5400F97DF1 /* WebService */,
				4FD5489B261B13BA001A83E2 /* Common */,
				4FE9AA7B261B0F1600F97DF1 /* Extension */,
				4FD548BD261B23BB001A83E2 /* ViewModel */,
				4FD54896261B1347001A83E2 /* Model */,
				4FD5489A261B13B3001A83E2 /* View */,
				4FE9AA7F261B0F3B00F97DF1 /* Controller */,
				4FE9AA87261B0F6600F97DF1 /* Resource */,
				4FE9AA86261B0F5100F97DF1 /* Mock Response */,
				4FE9A9B726199B3600F97DF1 /* Info.plist */,
				4FE9A9A926199B3500F97DF1 /* AppDelegate.swift */,
			);
			path = Profile;
			sourceTree = "<group>";
		};
		4FE9A9BF26199B3600F97DF1 /* ProfileTests */ = {
			isa = PBXGroup;
			children = (
				4FE9A9C026199B3600F97DF1 /* ProfileTests.swift */,
				4FE9A9C226199B3600F97DF1 /* Info.plist */,
			);
			path = ProfileTests;
			sourceTree = "<group>";
		};
		4FE9A9CA26199B3600F97DF1 /* ProfileUITests */ = {
			isa = PBXGroup;
			children = (
				4FE9A9CB26199B3600F97DF1 /* ProfileUITests.swift */,
				4FE9A9CD26199B3600F97DF1 /* Info.plist */,
			);
			path = ProfileUITests;
			sourceTree = "<group>";
		};
		4FE9A9DC26199B5400F97DF1 /* WebService */ = {
			isa = PBXGroup;
			children = (
				4FE9A9DD26199B5400F97DF1 /* APIRequestProtocol.swift */,
				4FE9A9DE26199B5400F97DF1 /* APIService.swift */,
				4FE9A9DF26199B5400F97DF1 /* APIRequest.swift */,
			);
			path = WebService;
			sourceTree = "<group>";
		};
		4FE9AA7B261B0F1600F97DF1 /* Extension */ = {
			isa = PBXGroup;
			children = (
				4FE9AA4F261ADB4200F97DF1 /* UIDeviceExtension.swift */,
				4FD548D0261B2E79001A83E2 /* UIImageViewExtension.swift */,
				4FE9AA6E261B02B200F97DF1 /* StringExtension.swift */,
				4FE9AA2A261A119F00F97DF1 /* UIViewExtension.swift */,
				4FE9AA5E261ADC9A00F97DF1 /* NSObjectExtension.swift */,
				4FE9AA4A261AD3B500F97DF1 /* DateExtension.swift */,
				4FE9AA69261B029500F97DF1 /* UITableViewExtension.swift */,
				4FD548B3261B1666001A83E2 /* UIResponderExtesnion.swift */,
			);
			path = Extension;
			sourceTree = "<group>";
		};
		4FE9AA7F261B0F3B00F97DF1 /* Controller */ = {
			isa = PBXGroup;
			children = (
				4FE9A9AD26199B3500F97DF1 /* ListViewController.swift */,
				4FE9AA242619FE6900F97DF1 /* SignUpViewController.swift */,
				4FD548E4261B3CBD001A83E2 /* HomeViewController.swift */,
				4FE9AA40261A3A8800F97DF1 /* AccountViewController.swift */,
				4FE9AA45261A3AA100F97DF1 /* BaseViewController.swift */,
			);
			path = Controller;
			sourceTree = "<group>";
		};
		4FE9AA86261B0F5100F97DF1 /* Mock Response */ = {
			isa = PBXGroup;
			children = (
				4FE9AA73261B091B00F97DF1 /* response.json */,
			);
			path = "Mock Response";
			sourceTree = "<group>";
		};
		4FE9AA87261B0F6600F97DF1 /* Resource */ = {
			isa = PBXGroup;
			children = (
				4FE9AA8E261B0FD100F97DF1 /* Main.storyboard */,
				4FE9AA55261ADC0800F97DF1 /* ToastView.xib */,
				4FE9A9B226199B3600F97DF1 /* Assets.xcassets */,
				4FE9A9B426199B3600F97DF1 /* LaunchScreen.storyboard */,
			);
			path = Resource;
			sourceTree = "<group>";
		};
/* End PBXGroup section */

/* Begin PBXNativeTarget section */
		4FE9A9A526199B3500F97DF1 /* Profile */ = {
			isa = PBXNativeTarget;
			buildConfigurationList = 4FE9A9D026199B3600F97DF1 /* Build configuration list for PBXNativeTarget "Profile" */;
			buildPhases = (
				4FE9A9A226199B3500F97DF1 /* Sources */,
				4FE9A9A326199B3500F97DF1 /* Frameworks */,
				4FE9A9A426199B3500F97DF1 /* Resources */,
			);
			buildRules = (
			);
			dependencies = (
			);
			name = Profile;
			packageProductDependencies = (
				4FE9A9E726199B9600F97DF1 /* Alamofire */,
				4FE9A9ED26199BB400F97DF1 /* AlamofireNetworkActivityIndicator */,
				4FE9A9FB26199C8100F97DF1 /* OHHTTPStubsSwift */,
				4FE9AA0126199D3800F97DF1 /* Kingfisher */,
				4FE9AA1026199E5F00F97DF1 /* RealmSwift */,
				4FE9AA36261A137200F97DF1 /* SkyFloatingLabelTextField */,
			);
			productName = Profile;
			productReference = 4FE9A9A626199B3500F97DF1 /* Profile.app */;
			productType = "com.apple.product-type.application";
		};
		4FE9A9BB26199B3600F97DF1 /* ProfileTests */ = {
			isa = PBXNativeTarget;
			buildConfigurationList = 4FE9A9D326199B3600F97DF1 /* Build configuration list for PBXNativeTarget "ProfileTests" */;
			buildPhases = (
				4FE9A9B826199B3600F97DF1 /* Sources */,
				4FE9A9B926199B3600F97DF1 /* Frameworks */,
				4FE9A9BA26199B3600F97DF1 /* Resources */,
			);
			buildRules = (
			);
			dependencies = (
				4FE9A9BE26199B3600F97DF1 /* PBXTargetDependency */,
			);
			name = ProfileTests;
			productName = ProfileTests;
			productReference = 4FE9A9BC26199B3600F97DF1 /* ProfileTests.xctest */;
			productType = "com.apple.product-type.bundle.unit-test";
		};
		4FE9A9C626199B3600F97DF1 /* ProfileUITests */ = {
			isa = PBXNativeTarget;
			buildConfigurationList = 4FE9A9D626199B3600F97DF1 /* Build configuration list for PBXNativeTarget "ProfileUITests" */;
			buildPhases = (
				4FE9A9C326199B3600F97DF1 /* Sources */,
				4FE9A9C426199B3600F97DF1 /* Frameworks */,
				4FE9A9C526199B3600F97DF1 /* Resources */,
			);
			buildRules = (
			);
			dependencies = (
				4FE9A9C926199B3600F97DF1 /* PBXTargetDependency */,
			);
			name = ProfileUITests;
			productName = ProfileUITests;
			productReference = 4FE9A9C726199B3600F97DF1 /* ProfileUITests.xctest */;
			productType = "com.apple.product-type.bundle.ui-testing";
		};
/* End PBXNativeTarget section */

/* Begin PBXProject section */
		4FE9A99E26199B3500F97DF1 /* Project object */ = {
			isa = PBXProject;
			attributes = {
				LastSwiftUpdateCheck = 1230;
				LastUpgradeCheck = 1230;
				TargetAttributes = {
					4FE9A9A526199B3500F97DF1 = {
						CreatedOnToolsVersion = 12.3;
					};
					4FE9A9BB26199B3600F97DF1 = {
						CreatedOnToolsVersion = 12.3;
						TestTargetID = 4FE9A9A526199B3500F97DF1;
					};
					4FE9A9C626199B3600F97DF1 = {
						CreatedOnToolsVersion = 12.3;
						TestTargetID = 4FE9A9A526199B3500F97DF1;
					};
				};
			};
			buildConfigurationList = 4FE9A9A126199B3500F97DF1 /* Build configuration list for PBXProject "Profile" */;
			compatibilityVersion = "Xcode 12.0";
			developmentRegion = en;
			hasScannedForEncodings = 0;
			knownRegions = (
				en,
				Base,
			);
			mainGroup = 4FE9A99D26199B3500F97DF1;
			packageReferences = (
				4FE9A9E626199B9600F97DF1 /* XCRemoteSwiftPackageReference "Alamofire" */,
				4FE9A9EC26199BB400F97DF1 /* XCRemoteSwiftPackageReference "AlamofireNetworkActivityIndicator" */,
				4FE9A9FA26199C8100F97DF1 /* XCRemoteSwiftPackageReference "OHHTTPStubs" */,
				4FE9AA0026199D3800F97DF1 /* XCRemoteSwiftPackageReference "Kingfisher" */,
				4FE9AA0F26199E5F00F97DF1 /* XCRemoteSwiftPackageReference "realm-cocoa" */,
				4FE9AA35261A137200F97DF1 /* XCRemoteSwiftPackageReference "SkyFloatingLabelTextField" */,
			);
			productRefGroup = 4FE9A9A726199B3500F97DF1 /* Products */;
			projectDirPath = "";
			projectRoot = "";
			targets = (
				4FE9A9A526199B3500F97DF1 /* Profile */,
				4FE9A9BB26199B3600F97DF1 /* ProfileTests */,
				4FE9A9C626199B3600F97DF1 /* ProfileUITests */,
			);
		};
/* End PBXProject section */

/* Begin PBXResourcesBuildPhase section */
		4FE9A9A426199B3500F97DF1 /* Resources */ = {
			isa = PBXResourcesBuildPhase;
			buildActionMask = 2147483647;
			files = (
				4FE9AA57261ADC0800F97DF1 /* ToastView.xib in Resources */,
				4FE9A9B626199B3600F97DF1 /* LaunchScreen.storyboard in Resources */,
				4FE9A9B326199B3600F97DF1 /* Assets.xcassets in Resources */,
				4FE9AA90261B0FD100F97DF1 /* Main.storyboard in Resources */,
				4FD548E0261B32EB001A83E2 /* ListTableViewCell.xib in Resources */,
			);
			runOnlyForDeploymentPostprocessing = 0;
		};
		4FE9A9BA26199B3600F97DF1 /* Resources */ = {
			isa = PBXResourcesBuildPhase;
			buildActionMask = 2147483647;
			files = (
				4FE9AA74261B091B00F97DF1 /* response.json in Resources */,
			);
			runOnlyForDeploymentPostprocessing = 0;
		};
		4FE9A9C526199B3600F97DF1 /* Resources */ = {
			isa = PBXResourcesBuildPhase;
			buildActionMask = 2147483647;
			files = (
			);
			runOnlyForDeploymentPostprocessing = 0;
		};
/* End PBXResourcesBuildPhase section */

/* Begin PBXSourcesBuildPhase section */
		4FE9A9A226199B3500F97DF1 /* Sources */ = {
			isa = PBXSourcesBuildPhase;
			buildActionMask = 2147483647;
			files = (
				4FD5488D261B1334001A83E2 /* Profile.swift in Sources */,
				4FE9AA252619FE6900F97DF1 /* SignUpViewController.swift in Sources */,
				4FE9A9E026199B5400F97DF1 /* APIRequestProtocol.swift in Sources */,
				4FE9A9E126199B5400F97DF1 /* APIService.swift in Sources */,
				4FE9A9AE26199B3500F97DF1 /* ListViewController.swift in Sources */,
				4FE9AA6F261B02B200F97DF1 /* StringExtension.swift in Sources */,
				4FD548A0261B15F8001A83E2 /* Router.swift in Sources */,
				4FE9AA6A261B029500F97DF1 /* UITableViewExtension.swift in Sources */,
				4FE9AA2B261A119F00F97DF1 /* UIViewExtension.swift in Sources */,
				4FD548DF261B32EB001A83E2 /* ListTableViewCell.swift in Sources */,
				4FE9AA46261A3AA100F97DF1 /* BaseViewController.swift in Sources */,
				4FD548E5261B3CBD001A83E2 /* HomeViewController.swift in Sources */,
				4FE9AA4B261AD3B500F97DF1 /* DateExtension.swift in Sources */,
				4FD548C5261B283C001A83E2 /* AccountViewModel.swift in Sources */,
				4FE9AA5F261ADC9A00F97DF1 /* NSObjectExtension.swift in Sources */,
				4FE9AA56261ADC0800F97DF1 /* ToastView.swift in Sources */,
				4FD548D1261B2E79001A83E2 /* UIImageViewExtension.swift in Sources */,
				4FE9A9AA26199B3500F97DF1 /* AppDelegate.swift in Sources */,
				4FE9A9E226199B5400F97DF1 /* APIRequest.swift in Sources */,
				4FD548A8261B160E001A83E2 /* DBManager.swift in Sources */,
				4FD54892261B133D001A83E2 /* User.swift in Sources */,
				4FD548B4261B1666001A83E2 /* UIResponderExtesnion.swift in Sources */,
				4FE9AA50261ADB4200F97DF1 /* UIDeviceExtension.swift in Sources */,
				4FE9AA3C261A1A5200F97DF1 /* Constants.swift in Sources */,
				4FD548B9261B1F0E001A83E2 /* SignUpViewModel.swift in Sources */,
				4FE9AA41261A3A8800F97DF1 /* AccountViewController.swift in Sources */,
			);
			runOnlyForDeploymentPostprocessing = 0;
		};
		4FE9A9B826199B3600F97DF1 /* Sources */ = {
			isa = PBXSourcesBuildPhase;
			buildActionMask = 2147483647;
			files = (
				4FE9A9C126199B3600F97DF1 /* ProfileTests.swift in Sources */,
			);
			runOnlyForDeploymentPostprocessing = 0;
		};
		4FE9A9C326199B3600F97DF1 /* Sources */ = {
			isa = PBXSourcesBuildPhase;
			buildActionMask = 2147483647;
			files = (
				4FE9A9CC26199B3600F97DF1 /* ProfileUITests.swift in Sources */,
			);
			runOnlyForDeploymentPostprocessing = 0;
		};
/* End PBXSourcesBuildPhase section */

/* Begin PBXTargetDependency section */
		4FE9A9BE26199B3600F97DF1 /* PBXTargetDependency */ = {
			isa = PBXTargetDependency;
			target = 4FE9A9A526199B3500F97DF1 /* Profile */;
			targetProxy = 4FE9A9BD26199B3600F97DF1 /* PBXContainerItemProxy */;
		};
		4FE9A9C926199B3600F97DF1 /* PBXTargetDependency */ = {
			isa = PBXTargetDependency;
			target = 4FE9A9A526199B3500F97DF1 /* Profile */;
			targetProxy = 4FE9A9C826199B3600F97DF1 /* PBXContainerItemProxy */;
		};
/* End PBXTargetDependency section */

/* Begin PBXVariantGroup section */
		4FE9A9B426199B3600F97DF1 /* LaunchScreen.storyboard */ = {
			isa = PBXVariantGroup;
			children = (
				4FE9A9B526199B3600F97DF1 /* Base */,
			);
			name = LaunchScreen.storyboard;
			sourceTree = "<group>";
		};
		4FE9AA8E261B0FD100F97DF1 /* Main.storyboard */ = {
			isa = PBXVariantGroup;
			children = (
				4FE9AA8F261B0FD100F97DF1 /* Base */,
			);
			name = Main.storyboard;
			sourceTree = "<group>";
		};
/* End PBXVariantGroup section */

/* Begin XCBuildConfiguration section */
		4FE9A9CE26199B3600F97DF1 /* Debug */ = {
			isa = XCBuildConfiguration;
			buildSettings = {
				ALWAYS_SEARCH_USER_PATHS = NO;
				CLANG_ANALYZER_NONNULL = YES;
				CLANG_ANALYZER_NUMBER_OBJECT_CONVERSION = YES_AGGRESSIVE;
				CLANG_CXX_LANGUAGE_STANDARD = "gnu++14";
				CLANG_CXX_LIBRARY = "libc++";
				CLANG_ENABLE_MODULES = YES;
				CLANG_ENABLE_OBJC_ARC = YES;
				CLANG_ENABLE_OBJC_WEAK = YES;
				CLANG_WARN_BLOCK_CAPTURE_AUTORELEASING = YES;
				CLANG_WARN_BOOL_CONVERSION = YES;
				CLANG_WARN_COMMA = YES;
				CLANG_WARN_CONSTANT_CONVERSION = YES;
				CLANG_WARN_DEPRECATED_OBJC_IMPLEMENTATIONS = YES;
				CLANG_WARN_DIRECT_OBJC_ISA_USAGE = YES_ERROR;
				CLANG_WARN_DOCUMENTATION_COMMENTS = YES;
				CLANG_WARN_EMPTY_BODY = YES;
				CLANG_WARN_ENUM_CONVERSION = YES;
				CLANG_WARN_INFINITE_RECURSION = YES;
				CLANG_WARN_INT_CONVERSION = YES;
				CLANG_WARN_NON_LITERAL_NULL_CONVERSION = YES;
				CLANG_WARN_OBJC_IMPLICIT_RETAIN_SELF = YES;
				CLANG_WARN_OBJC_LITERAL_CONVERSION = YES;
				CLANG_WARN_OBJC_ROOT_CLASS = YES_ERROR;
				CLANG_WARN_QUOTED_INCLUDE_IN_FRAMEWORK_HEADER = YES;
				CLANG_WARN_RANGE_LOOP_ANALYSIS = YES;
				CLANG_WARN_STRICT_PROTOTYPES = YES;
				CLANG_WARN_SUSPICIOUS_MOVE = YES;
				CLANG_WARN_UNGUARDED_AVAILABILITY = YES_AGGRESSIVE;
				CLANG_WARN_UNREACHABLE_CODE = YES;
				CLANG_WARN__DUPLICATE_METHOD_MATCH = YES;
				COPY_PHASE_STRIP = NO;
				DEBUG_INFORMATION_FORMAT = dwarf;
				ENABLE_STRICT_OBJC_MSGSEND = YES;
				ENABLE_TESTABILITY = YES;
				GCC_C_LANGUAGE_STANDARD = gnu11;
				GCC_DYNAMIC_NO_PIC = NO;
				GCC_NO_COMMON_BLOCKS = YES;
				GCC_OPTIMIZATION_LEVEL = 0;
				GCC_PREPROCESSOR_DEFINITIONS = (
					"DEBUG=1",
					"$(inherited)",
				);
				GCC_WARN_64_TO_32_BIT_CONVERSION = YES;
				GCC_WARN_ABOUT_RETURN_TYPE = YES_ERROR;
				GCC_WARN_UNDECLARED_SELECTOR = YES;
				GCC_WARN_UNINITIALIZED_AUTOS = YES_AGGRESSIVE;
				GCC_WARN_UNUSED_FUNCTION = YES;
				GCC_WARN_UNUSED_VARIABLE = YES;
				IPHONEOS_DEPLOYMENT_TARGET = 11.0;
				MTL_ENABLE_DEBUG_INFO = INCLUDE_SOURCE;
				MTL_FAST_MATH = YES;
				ONLY_ACTIVE_ARCH = YES;
				SDKROOT = iphoneos;
				SWIFT_ACTIVE_COMPILATION_CONDITIONS = DEBUG;
				SWIFT_OPTIMIZATION_LEVEL = "-Onone";
			};
			name = Debug;
		};
		4FE9A9CF26199B3600F97DF1 /* Release */ = {
			isa = XCBuildConfiguration;
			buildSettings = {
				ALWAYS_SEARCH_USER_PATHS = NO;
				CLANG_ANALYZER_NONNULL = YES;
				CLANG_ANALYZER_NUMBER_OBJECT_CONVERSION = YES_AGGRESSIVE;
				CLANG_CXX_LANGUAGE_STANDARD = "gnu++14";
				CLANG_CXX_LIBRARY = "libc++";
				CLANG_ENABLE_MODULES = YES;
				CLANG_ENABLE_OBJC_ARC = YES;
				CLANG_ENABLE_OBJC_WEAK = YES;
				CLANG_WARN_BLOCK_CAPTURE_AUTORELEASING = YES;
				CLANG_WARN_BOOL_CONVERSION = YES;
				CLANG_WARN_COMMA = YES;
				CLANG_WARN_CONSTANT_CONVERSION = YES;
				CLANG_WARN_DEPRECATED_OBJC_IMPLEMENTATIONS = YES;
				CLANG_WARN_DIRECT_OBJC_ISA_USAGE = YES_ERROR;
				CLANG_WARN_DOCUMENTATION_COMMENTS = YES;
				CLANG_WARN_EMPTY_BODY = YES;
				CLANG_WARN_ENUM_CONVERSION = YES;
				CLANG_WARN_INFINITE_RECURSION = YES;
				CLANG_WARN_INT_CONVERSION = YES;
				CLANG_WARN_NON_LITERAL_NULL_CONVERSION = YES;
				CLANG_WARN_OBJC_IMPLICIT_RETAIN_SELF = YES;
				CLANG_WARN_OBJC_LITERAL_CONVERSION = YES;
				CLANG_WARN_OBJC_ROOT_CLASS = YES_ERROR;
				CLANG_WARN_QUOTED_INCLUDE_IN_FRAMEWORK_HEADER = YES;
				CLANG_WARN_RANGE_LOOP_ANALYSIS = YES;
				CLANG_WARN_STRICT_PROTOTYPES = YES;
				CLANG_WARN_SUSPICIOUS_MOVE = YES;
				CLANG_WARN_UNGUARDED_AVAILABILITY = YES_AGGRESSIVE;
				CLANG_WARN_UNREACHABLE_CODE = YES;
				CLANG_WARN__DUPLICATE_METHOD_MATCH = YES;
				COPY_PHASE_STRIP = NO;
				DEBUG_INFORMATION_FORMAT = "dwarf-with-dsym";
				ENABLE_NS_ASSERTIONS = NO;
				ENABLE_STRICT_OBJC_MSGSEND = YES;
				GCC_C_LANGUAGE_STANDARD = gnu11;
				GCC_NO_COMMON_BLOCKS = YES;
				GCC_WARN_64_TO_32_BIT_CONVERSION = YES;
				GCC_WARN_ABOUT_RETURN_TYPE = YES_ERROR;
				GCC_WARN_UNDECLARED_SELECTOR = YES;
				GCC_WARN_UNINITIALIZED_AUTOS = YES_AGGRESSIVE;
				GCC_WARN_UNUSED_FUNCTION = YES;
				GCC_WARN_UNUSED_VARIABLE = YES;
				IPHONEOS_DEPLOYMENT_TARGET = 11.0;
				MTL_ENABLE_DEBUG_INFO = NO;
				MTL_FAST_MATH = YES;
				SDKROOT = iphoneos;
				SWIFT_COMPILATION_MODE = wholemodule;
				SWIFT_OPTIMIZATION_LEVEL = "-O";
				VALIDATE_PRODUCT = YES;
			};
			name = Release;
		};
		4FE9A9D126199B3600F97DF1 /* Debug */ = {
			isa = XCBuildConfiguration;
			buildSettings = {
				ASSETCATALOG_COMPILER_APPICON_NAME = AppIcon;
				ASSETCATALOG_COMPILER_GLOBAL_ACCENT_COLOR_NAME = AccentColor;
				CODE_SIGN_STYLE = Automatic;
				INFOPLIST_FILE = Profile/Info.plist;
				IPHONEOS_DEPLOYMENT_TARGET = 11.0;
				LD_RUNPATH_SEARCH_PATHS = (
					"$(inherited)",
					"@executable_path/Frameworks",
				);
				PRODUCT_BUNDLE_IDENTIFIER = com.rathi.Profile;
				PRODUCT_NAME = "$(TARGET_NAME)";
				SWIFT_VERSION = 5.0;
				TARGETED_DEVICE_FAMILY = "1,2";
			};
			name = Debug;
		};
		4FE9A9D226199B3600F97DF1 /* Release */ = {
			isa = XCBuildConfiguration;
			buildSettings = {
				ASSETCATALOG_COMPILER_APPICON_NAME = AppIcon;
				ASSETCATALOG_COMPILER_GLOBAL_ACCENT_COLOR_NAME = AccentColor;
				CODE_SIGN_STYLE = Automatic;
				INFOPLIST_FILE = Profile/Info.plist;
				IPHONEOS_DEPLOYMENT_TARGET = 11.0;
				LD_RUNPATH_SEARCH_PATHS = (
					"$(inherited)",
					"@executable_path/Frameworks",
				);
				PRODUCT_BUNDLE_IDENTIFIER = com.rathi.Profile;
				PRODUCT_NAME = "$(TARGET_NAME)";
				SWIFT_VERSION = 5.0;
				TARGETED_DEVICE_FAMILY = "1,2";
			};
			name = Release;
		};
		4FE9A9D426199B3600F97DF1 /* Debug */ = {
			isa = XCBuildConfiguration;
			buildSettings = {
				ALWAYS_EMBED_SWIFT_STANDARD_LIBRARIES = YES;
				BUNDLE_LOADER = "$(TEST_HOST)";
				CODE_SIGN_STYLE = Automatic;
				INFOPLIST_FILE = ProfileTests/Info.plist;
				IPHONEOS_DEPLOYMENT_TARGET = 14.3;
				LD_RUNPATH_SEARCH_PATHS = (
					"$(inherited)",
					"@executable_path/Frameworks",
					"@loader_path/Frameworks",
				);
				PRODUCT_BUNDLE_IDENTIFIER = com.rathi.ProfileTests;
				PRODUCT_NAME = "$(TARGET_NAME)";
				SWIFT_VERSION = 5.0;
				TARGETED_DEVICE_FAMILY = "1,2";
				TEST_HOST = "$(BUILT_PRODUCTS_DIR)/Profile.app/Profile";
			};
			name = Debug;
		};
		4FE9A9D526199B3600F97DF1 /* Release */ = {
			isa = XCBuildConfiguration;
			buildSettings = {
				ALWAYS_EMBED_SWIFT_STANDARD_LIBRARIES = YES;
				BUNDLE_LOADER = "$(TEST_HOST)";
				CODE_SIGN_STYLE = Automatic;
				INFOPLIST_FILE = ProfileTests/Info.plist;
				IPHONEOS_DEPLOYMENT_TARGET = 14.3;
				LD_RUNPATH_SEARCH_PATHS = (
					"$(inherited)",
					"@executable_path/Frameworks",
					"@loader_path/Frameworks",
				);
				PRODUCT_BUNDLE_IDENTIFIER = com.rathi.ProfileTests;
				PRODUCT_NAME = "$(TARGET_NAME)";
				SWIFT_VERSION = 5.0;
				TARGETED_DEVICE_FAMILY = "1,2";
				TEST_HOST = "$(BUILT_PRODUCTS_DIR)/Profile.app/Profile";
			};
			name = Release;
		};
		4FE9A9D726199B3600F97DF1 /* Debug */ = {
			isa = XCBuildConfiguration;
			buildSettings = {
				ALWAYS_EMBED_SWIFT_STANDARD_LIBRARIES = YES;
				CODE_SIGN_STYLE = Automatic;
				INFOPLIST_FILE = ProfileUITests/Info.plist;
				LD_RUNPATH_SEARCH_PATHS = (
					"$(inherited)",
					"@executable_path/Frameworks",
					"@loader_path/Frameworks",
				);
				PRODUCT_BUNDLE_IDENTIFIER = com.rathi.ProfileUITests;
				PRODUCT_NAME = "$(TARGET_NAME)";
				SWIFT_VERSION = 5.0;
				TARGETED_DEVICE_FAMILY = "1,2";
				TEST_TARGET_NAME = Profile;
			};
			name = Debug;
		};
		4FE9A9D826199B3600F97DF1 /* Release */ = {
			isa = XCBuildConfiguration;
			buildSettings = {
				ALWAYS_EMBED_SWIFT_STANDARD_LIBRARIES = YES;
				CODE_SIGN_STYLE = Automatic;
				INFOPLIST_FILE = ProfileUITests/Info.plist;
				LD_RUNPATH_SEARCH_PATHS = (
					"$(inherited)",
					"@executable_path/Frameworks",
					"@loader_path/Frameworks",
				);
				PRODUCT_BUNDLE_IDENTIFIER = com.rathi.ProfileUITests;
				PRODUCT_NAME = "$(TARGET_NAME)";
				SWIFT_VERSION = 5.0;
				TARGETED_DEVICE_FAMILY = "1,2";
				TEST_TARGET_NAME = Profile;
			};
			name = Release;
		};
/* End XCBuildConfiguration section */

/* Begin XCConfigurationList section */
		4FE9A9A126199B3500F97DF1 /* Build configuration list for PBXProject "Profile" */ = {
			isa = XCConfigurationList;
			buildConfigurations = (
				4FE9A9CE26199B3600F97DF1 /* Debug */,
				4FE9A9CF26199B3600F97DF1 /* Release */,
			);
			defaultConfigurationIsVisible = 0;
			defaultConfigurationName = Release;
		};
		4FE9A9D026199B3600F97DF1 /* Build configuration list for PBXNativeTarget "Profile" */ = {
			isa = XCConfigurationList;
			buildConfigurations = (
				4FE9A9D126199B3600F97DF1 /* Debug */,
				4FE9A9D226199B3600F97DF1 /* Release */,
			);
			defaultConfigurationIsVisible = 0;
			defaultConfigurationName = Release;
		};
		4FE9A9D326199B3600F97DF1 /* Build configuration list for PBXNativeTarget "ProfileTests" */ = {
			isa = XCConfigurationList;
			buildConfigurations = (
				4FE9A9D426199B3600F97DF1 /* Debug */,
				4FE9A9D526199B3600F97DF1 /* Release */,
			);
			defaultConfigurationIsVisible = 0;
			defaultConfigurationName = Release;
		};
		4FE9A9D626199B3600F97DF1 /* Build configuration list for PBXNativeTarget "ProfileUITests" */ = {
			isa = XCConfigurationList;
			buildConfigurations = (
				4FE9A9D726199B3600F97DF1 /* Debug */,
				4FE9A9D826199B3600F97DF1 /* Release */,
			);
			defaultConfigurationIsVisible = 0;
			defaultConfigurationName = Release;
		};
/* End XCConfigurationList section */

/* Begin XCRemoteSwiftPackageReference section */
		4FE9A9E626199B9600F97DF1 /* XCRemoteSwiftPackageReference "Alamofire" */ = {
			isa = XCRemoteSwiftPackageReference;
			repositoryURL = "https://github.com/Alamofire/Alamofire";
			requirement = {
				kind = upToNextMajorVersion;
				minimumVersion = 5.4.2;
			};
		};
		4FE9A9EC26199BB400F97DF1 /* XCRemoteSwiftPackageReference "AlamofireNetworkActivityIndicator" */ = {
			isa = XCRemoteSwiftPackageReference;
			repositoryURL = "https://github.com/Alamofire/AlamofireNetworkActivityIndicator";
			requirement = {
				kind = upToNextMajorVersion;
				minimumVersion = 3.1.0;
			};
		};
		4FE9A9FA26199C8100F97DF1 /* XCRemoteSwiftPackageReference "OHHTTPStubs" */ = {
			isa = XCRemoteSwiftPackageReference;
			repositoryURL = "https://github.com/AliSoftware/OHHTTPStubs";
			requirement = {
				kind = upToNextMajorVersion;
				minimumVersion = 9.1.0;
			};
		};
		4FE9AA0026199D3800F97DF1 /* XCRemoteSwiftPackageReference "Kingfisher" */ = {
			isa = XCRemoteSwiftPackageReference;
			repositoryURL = "https://github.com/onevcat/Kingfisher";
			requirement = {
				kind = upToNextMajorVersion;
				minimumVersion = 6.2.1;
			};
		};
		4FE9AA0F26199E5F00F97DF1 /* XCRemoteSwiftPackageReference "realm-cocoa" */ = {
			isa = XCRemoteSwiftPackageReference;
			repositoryURL = "https://github.com/realm/realm-cocoa";
			requirement = {
				kind = upToNextMajorVersion;
				minimumVersion = 10.7.2;
			};
		};
		4FE9AA35261A137200F97DF1 /* XCRemoteSwiftPackageReference "SkyFloatingLabelTextField" */ = {
			isa = XCRemoteSwiftPackageReference;
			repositoryURL = "https://github.com/Skyscanner/SkyFloatingLabelTextField";
			requirement = {
				kind = upToNextMajorVersion;
				minimumVersion = 4.0.0;
			};
		};
/* End XCRemoteSwiftPackageReference section */

/* Begin XCSwiftPackageProductDependency section */
		4FE9A9E726199B9600F97DF1 /* Alamofire */ = {
			isa = XCSwiftPackageProductDependency;
			package = 4FE9A9E626199B9600F97DF1 /* XCRemoteSwiftPackageReference "Alamofire" */;
			productName = Alamofire;
		};
		4FE9A9ED26199BB400F97DF1 /* AlamofireNetworkActivityIndicator */ = {
			isa = XCSwiftPackageProductDependency;
			package = 4FE9A9EC26199BB400F97DF1 /* XCRemoteSwiftPackageReference "AlamofireNetworkActivityIndicator" */;
			productName = AlamofireNetworkActivityIndicator;
		};
		4FE9A9FB26199C8100F97DF1 /* OHHTTPStubsSwift */ = {
			isa = XCSwiftPackageProductDependency;
			package = 4FE9A9FA26199C8100F97DF1 /* XCRemoteSwiftPackageReference "OHHTTPStubs" */;
			productName = OHHTTPStubsSwift;
		};
		4FE9AA0126199D3800F97DF1 /* Kingfisher */ = {
			isa = XCSwiftPackageProductDependency;
			package = 4FE9AA0026199D3800F97DF1 /* XCRemoteSwiftPackageReference "Kingfisher" */;
			productName = Kingfisher;
		};
		4FE9AA1026199E5F00F97DF1 /* RealmSwift */ = {
			isa = XCSwiftPackageProductDependency;
			package = 4FE9AA0F26199E5F00F97DF1 /* XCRemoteSwiftPackageReference "realm-cocoa" */;
			productName = RealmSwift;
		};
		4FE9AA36261A137200F97DF1 /* SkyFloatingLabelTextField */ = {
			isa = XCSwiftPackageProductDependency;
			package = 4FE9AA35261A137200F97DF1 /* XCRemoteSwiftPackageReference "SkyFloatingLabelTextField" */;
			productName = SkyFloatingLabelTextField;
		};
/* End XCSwiftPackageProductDependency section */
	};
	rootObject = 4FE9A99E26199B3500F97DF1 /* Project object */;
}
